
Microsoft Visual Studio Solution File, Format Version 12.00
# Visual Studio Version 17
VisualStudioVersion = 17.6.33723.286
MinimumVisualStudioVersion = 10.0.40219.1
Project("{9A19103F-16F7-4668-BE54-9A1E7A4F7556}") = "HogWildWebApp", "HogWildWebApp\HogWildWebApp.csproj", "{98B422B2-98A9-41AF-8D7B-AF557A02DE98}"
EndProject
Project("{9A19103F-16F7-4668-BE54-9A1E7A4F7556}") = "HogWildSystem", "HogWildSystem\HogWildSystem.csproj", "{197EC422-F41C-4AF4-A29E-638FA8C0F116}"
EndProject
Global
	GlobalSection(SolutionConfigurationPlatforms) = preSolution
		Debug|Any CPU = Debug|Any CPU
		Release|Any CPU = Release|Any CPU
	EndGlobalSection
	GlobalSection(ProjectConfigurationPlatforms) = postSolution
		{98B422B2-98A9-41AF-8D7B-AF557A02DE98}.Debug|Any CPU.ActiveCfg = Debug|Any CPU
		{98B422B2-98A9-41AF-8D7B-AF557A02DE98}.Debug|Any CPU.Build.0 = Debug|Any CPU
		{98B422B2-98A9-41AF-8D7B-AF557A02DE98}.Release|Any CPU.ActiveCfg = Release|Any CPU
		{98B422B2-98A9-41AF-8D7B-AF557A02DE98}.Release|Any CPU.Build.0 = Release|Any CPU
		{197EC422-F41C-4AF4-A29E-638FA8C0F116}.Debug|Any CPU.ActiveCfg = Debug|Any CPU
		{197EC422-F41C-4AF4-A29E-638FA8C0F116}.Debug|Any CPU.Build.0 = Debug|Any CPU
		{197EC422-F41C-4AF4-A29E-638FA8C0F116}.Release|Any CPU.ActiveCfg = Release|Any CPU
		{197EC422-F41C-4AF4-A29E-638FA8C0F116}.Release|Any CPU.Build.0 = Release|Any CPU
	EndGlobalSection
	GlobalSection(SolutionProperties) = preSolution
		HideSolutionNode = FALSE
	EndGlobalSection
	GlobalSection(ExtensibilityGlobals) = postSolution
		SolutionGuid = {9357C88A-CE66-496C-AE6D-EA219DE29590}
	EndGlobalSection
EndGlobal
